version = 1
revision = 3
requires-python = ">=3.13"

[[package]]
name = "mkv-sub-tools"
version = "0.1.0"
source = { virtual = "." }
dependencies = [
    { name = "pysubs2" },
]

[package.metadata]
requires-dist = [{ name = "pysubs2", specifier = ">=1.8.0" }]

[[package]]
name = "pysubs2"
version = "1.8.0"
source = { registry = "https://pypi.org/simple" }
sdist = { url = "https://files.pythonhosted.org/packages/31/4a/becf78d9d3df56e6c4a9c50b83794e5436b6c5ab6dd8a3f934e94c89338c/pysubs2-1.8.0.tar.gz", hash = "sha256:3397bb58a4a15b1325ba2ae3fd4d7c214e2c0ddb9f33190d6280d783bb433b20", size = 1130048, upload-time = "2024-12-24T12:39:47.769Z" }
wheels = [
    { url = "https://files.pythonhosted.org/packages/99/09/0fc0719162e5ad723f71d41cf336f18b6b5054d70dc0fe42ace6b4d2bdc9/pysubs2-1.8.0-py3-none-any.whl", hash = "sha256:05716f5039a9ebe32cd4d7673f923cf36204f3a3e99987f823ab83610b7035a0", size = 43516, upload-time = "2024-12-24T12:39:44.469Z" },
]
